
Microsoft Visual Studio Solution File, Format Version 12.00
# Visual Studio Version 16
VisualStudioVersion = 16.0.31410.357
MinimumVisualStudioVersion = 10.0.40219.1
Project("{9A19103F-16F7-4668-BE54-9A1E7A4F7556}") = "TssCodingAssignment", "TssCodingAssignment\TssCodingAssignment.csproj", "{7F3EC714-D322-48F3-88D1-36F9924A42F7}"
EndProject
Project("{9A19103F-16F7-4668-BE54-9A1E7A4F7556}") = "TssCodingAssignment.DataAccess", "TssCodingAssignment.DataAccess\TssCodingAssignment.DataAccess.csproj", "{271150B5-9F84-470C-AC80-94DC2D6BE8BB}"
EndProject
Project("{9A19103F-16F7-4668-BE54-9A1E7A4F7556}") = "TssCodingAssignment.Models", "TssCodingAssignment.Models\TssCodingAssignment.Models.csproj", "{AEF46D6A-F754-4534-BB73-C9D2E75D9247}"
EndProject
Project("{FAE04EC0-301F-11D3-BF4B-00C04F79EFBC}") = "TssCodingAssignment.Utility", "TssCodingAssignment.Utility\TssCodingAssignment.Utility.csproj", "{AC6F71FF-34E1-4F3C-8CE3-499F30E92DF8}"
EndProject
Global
	GlobalSection(SolutionConfigurationPlatforms) = preSolution
		Debug|Any CPU = Debug|Any CPU
		Release|Any CPU = Release|Any CPU
	EndGlobalSection
	GlobalSection(ProjectConfigurationPlatforms) = postSolution
		{7F3EC714-D322-48F3-88D1-36F9924A42F7}.Debug|Any CPU.ActiveCfg = Debug|Any CPU
		{7F3EC714-D322-48F3-88D1-36F9924A42F7}.Debug|Any CPU.Build.0 = Debug|Any CPU
		{7F3EC714-D322-48F3-88D1-36F9924A42F7}.Release|Any CPU.ActiveCfg = Release|Any CPU
		{7F3EC714-D322-48F3-88D1-36F9924A42F7}.Release|Any CPU.Build.0 = Release|Any CPU
		{271150B5-9F84-470C-AC80-94DC2D6BE8BB}.Debug|Any CPU.ActiveCfg = Debug|Any CPU
		{271150B5-9F84-470C-AC80-94DC2D6BE8BB}.Debug|Any CPU.Build.0 = Debug|Any CPU
		{271150B5-9F84-470C-AC80-94DC2D6BE8BB}.Release|Any CPU.ActiveCfg = Release|Any CPU
		{271150B5-9F84-470C-AC80-94DC2D6BE8BB}.Release|Any CPU.Build.0 = Release|Any CPU
		{AEF46D6A-F754-4534-BB73-C9D2E75D9247}.Debug|Any CPU.ActiveCfg = Debug|Any CPU
		{AEF46D6A-F754-4534-BB73-C9D2E75D9247}.Debug|Any CPU.Build.0 = Debug|Any CPU
		{AEF46D6A-F754-4534-BB73-C9D2E75D9247}.Release|Any CPU.ActiveCfg = Release|Any CPU
		{AEF46D6A-F754-4534-BB73-C9D2E75D9247}.Release|Any CPU.Build.0 = Release|Any CPU
		{AC6F71FF-34E1-4F3C-8CE3-499F30E92DF8}.Debug|Any CPU.ActiveCfg = Debug|Any CPU
		{AC6F71FF-34E1-4F3C-8CE3-499F30E92DF8}.Debug|Any CPU.Build.0 = Debug|Any CPU
		{AC6F71FF-34E1-4F3C-8CE3-499F30E92DF8}.Release|Any CPU.ActiveCfg = Release|Any CPU
		{AC6F71FF-34E1-4F3C-8CE3-499F30E92DF8}.Release|Any CPU.Build.0 = Release|Any CPU
	EndGlobalSection
	GlobalSection(SolutionProperties) = preSolution
		HideSolutionNode = FALSE
	EndGlobalSection
	GlobalSection(ExtensibilityGlobals) = postSolution
		SolutionGuid = {7B5DA7AD-D704-465F-BB25-D35F710ACE07}
	EndGlobalSection
EndGlobal
